// !$*UTF8*$!
{
	archiveVersion = 1;
	classes = {
	};
	objectVersion = 56;
	objects = {

/* Begin PBXBuildFile section */
		391802AA2A76B00E006BE05A /* get_schwifty.ttf in Resources */ = {isa = PBXBuildFile; fileRef = 391802A92A76B00E006BE05A /* get_schwifty.ttf */; };
		391DA30A2A73B778006C9CCF /* DataDecoder.swift in Sources */ = {isa = PBXBuildFile; fileRef = 391DA3092A73B778006C9CCF /* DataDecoder.swift */; };
		39AD96232A7D2849001D60FA /* CharacterCell.swift in Sources */ = {isa = PBXBuildFile; fileRef = 39AD96212A7D2849001D60FA /* CharacterCell.swift */; };
		39AD96242A7D2849001D60FA /* CharacterCell.xib in Resources */ = {isa = PBXBuildFile; fileRef = 39AD96222A7D2849001D60FA /* CharacterCell.xib */; };
		39AE69BC2A73D7E700E3D09A /* Kingfisher in Frameworks */ = {isa = PBXBuildFile; productRef = 39AE69BB2A73D7E700E3D09A /* Kingfisher */; };
		39AE69C32A73E53C00E3D09A /* CharactersViewController.swift in Sources */ = {isa = PBXBuildFile; fileRef = 39AE69C12A73E53C00E3D09A /* CharactersViewController.swift */; };
		39AE69C42A73E53C00E3D09A /* CharactersViewController.xib in Resources */ = {isa = PBXBuildFile; fileRef = 39AE69C22A73E53C00E3D09A /* CharactersViewController.xib */; };
		39AE69C72A73E65A00E3D09A /* CharacterViewCell.swift in Sources */ = {isa = PBXBuildFile; fileRef = 39AE69C52A73E65A00E3D09A /* CharacterViewCell.swift */; };
		39AE69C82A73E65A00E3D09A /* CharacterViewCell.xib in Resources */ = {isa = PBXBuildFile; fileRef = 39AE69C62A73E65A00E3D09A /* CharacterViewCell.xib */; };
		39AE69CB2A73EF9000E3D09A /* allCharacters.swift in Sources */ = {isa = PBXBuildFile; fileRef = 39AE69CA2A73EF9000E3D09A /* allCharacters.swift */; };
		39C7F2AF2A8249FA00376FBC /* SearchViewController.swift in Sources */ = {isa = PBXBuildFile; fileRef = 39C7F2AD2A8249FA00376FBC /* SearchViewController.swift */; };
		39C7F2B02A8249FA00376FBC /* SearchViewController.xib in Resources */ = {isa = PBXBuildFile; fileRef = 39C7F2AE2A8249FA00376FBC /* SearchViewController.xib */; };
		39D05D962A727E0300468A9E /* AppDelegate.swift in Sources */ = {isa = PBXBuildFile; fileRef = 39D05D952A727E0300468A9E /* AppDelegate.swift */; };
		39D05D9D2A727E0300468A9E /* Main.storyboard in Resources */ = {isa = PBXBuildFile; fileRef = 39D05D9B2A727E0300468A9E /* Main.storyboard */; };
		39D05D9F2A727E0400468A9E /* Assets.xcassets in Resources */ = {isa = PBXBuildFile; fileRef = 39D05D9E2A727E0400468A9E /* Assets.xcassets */; };
		39D05DA22A727E0400468A9E /* LaunchScreen.storyboard in Resources */ = {isa = PBXBuildFile; fileRef = 39D05DA02A727E0400468A9E /* LaunchScreen.storyboard */; };
		39D05DAD2A727E0400468A9E /* RyMAppTests.swift in Sources */ = {isa = PBXBuildFile; fileRef = 39D05DAC2A727E0400468A9E /* RyMAppTests.swift */; };
		39D05DB72A727E0400468A9E /* RyMAppUITests.swift in Sources */ = {isa = PBXBuildFile; fileRef = 39D05DB62A727E0400468A9E /* RyMAppUITests.swift */; };
		39D05DB92A727E0400468A9E /* RyMAppUITestsLaunchTests.swift in Sources */ = {isa = PBXBuildFile; fileRef = 39D05DB82A727E0400468A9E /* RyMAppUITestsLaunchTests.swift */; };
		39D05DC72A727E4600468A9E /* HomeViewController.swift in Sources */ = {isa = PBXBuildFile; fileRef = 39D05DC52A727E4600468A9E /* HomeViewController.swift */; };
		39D05DC82A727E4600468A9E /* HomeViewController.xib in Resources */ = {isa = PBXBuildFile; fileRef = 39D05DC62A727E4600468A9E /* HomeViewController.xib */; };
		39D05DCA2A727F9D00468A9E /* Character.swift in Sources */ = {isa = PBXBuildFile; fileRef = 39D05DC92A727F9D00468A9E /* Character.swift */; };
		39D05DCC2A72801A00468A9E /* Network.swift in Sources */ = {isa = PBXBuildFile; fileRef = 39D05DCB2A72801A00468A9E /* Network.swift */; };
		39D05DCF2A72819E00468A9E /* Alamofire in Frameworks */ = {isa = PBXBuildFile; productRef = 39D05DCE2A72819E00468A9E /* Alamofire */; };
		39D05DD22A72847E00468A9E /* DetailViewController.swift in Sources */ = {isa = PBXBuildFile; fileRef = 39D05DD02A72847E00468A9E /* DetailViewController.swift */; };
		39D05DD32A72847E00468A9E /* DetailViewController.xib in Resources */ = {isa = PBXBuildFile; fileRef = 39D05DD12A72847E00468A9E /* DetailViewController.xib */; };
		39DA13102A83AB4C009073E0 /* TableViewCell.swift in Sources */ = {isa = PBXBuildFile; fileRef = 39DA130E2A83AB4C009073E0 /* TableViewCell.swift */; };
		39DA13112A83AB4C009073E0 /* TableViewCell.xib in Resources */ = {isa = PBXBuildFile; fileRef = 39DA130F2A83AB4C009073E0 /* TableViewCell.xib */; };
		39DA13132A83E45D009073E0 /* Location.swift in Sources */ = {isa = PBXBuildFile; fileRef = 39DA13122A83E45D009073E0 /* Location.swift */; };
		39DA13152A83EB34009073E0 /* Episode.swift in Sources */ = {isa = PBXBuildFile; fileRef = 39DA13142A83EB34009073E0 /* Episode.swift */; };
/* End PBXBuildFile section */

/* Begin PBXContainerItemProxy section */
		39D05DA92A727E0400468A9E /* PBXContainerItemProxy */ = {
			isa = PBXContainerItemProxy;
			containerPortal = 39D05D8A2A727E0200468A9E /* Project object */;
			proxyType = 1;
			remoteGlobalIDString = 39D05D912A727E0300468A9E;
			remoteInfo = RyMApp;
		};
		39D05DB32A727E0400468A9E /* PBXContainerItemProxy */ = {
			isa = PBXContainerItemProxy;
			containerPortal = 39D05D8A2A727E0200468A9E /* Project object */;
			proxyType = 1;
			remoteGlobalIDString = 39D05D912A727E0300468A9E;
			remoteInfo = RyMApp;
		};
/* End PBXContainerItemProxy section */

/* Begin PBXFileReference section */
		391802A92A76B00E006BE05A /* get_schwifty.ttf */ = {isa = PBXFileReference; lastKnownFileType = file; path = get_schwifty.ttf; sourceTree = "<group>"; };
		391DA3092A73B778006C9CCF /* DataDecoder.swift */ = {isa = PBXFileReference; lastKnownFileType = sourcecode.swift; path = DataDecoder.swift; sourceTree = "<group>"; };
		39AD96212A7D2849001D60FA /* CharacterCell.swift */ = {isa = PBXFileReference; lastKnownFileType = sourcecode.swift; path = CharacterCell.swift; sourceTree = "<group>"; };
		39AD96222A7D2849001D60FA /* CharacterCell.xib */ = {isa = PBXFileReference; lastKnownFileType = file.xib; path = CharacterCell.xib; sourceTree = "<group>"; };
		39AE69C12A73E53C00E3D09A /* CharactersViewController.swift */ = {isa = PBXFileReference; lastKnownFileType = sourcecode.swift; path = CharactersViewController.swift; sourceTree = "<group>"; };
		39AE69C22A73E53C00E3D09A /* CharactersViewController.xib */ = {isa = PBXFileReference; lastKnownFileType = file.xib; path = CharactersViewController.xib; sourceTree = "<group>"; };
		39AE69C52A73E65A00E3D09A /* CharacterViewCell.swift */ = {isa = PBXFileReference; lastKnownFileType = sourcecode.swift; path = CharacterViewCell.swift; sourceTree = "<group>"; };
		39AE69C62A73E65A00E3D09A /* CharacterViewCell.xib */ = {isa = PBXFileReference; lastKnownFileType = file.xib; path = CharacterViewCell.xib; sourceTree = "<group>"; };
		39AE69CA2A73EF9000E3D09A /* allCharacters.swift */ = {isa = PBXFileReference; lastKnownFileType = sourcecode.swift; path = allCharacters.swift; sourceTree = "<group>"; };
		39C7F2AD2A8249FA00376FBC /* SearchViewController.swift */ = {isa = PBXFileReference; lastKnownFileType = sourcecode.swift; path = SearchViewController.swift; sourceTree = "<group>"; };
		39C7F2AE2A8249FA00376FBC /* SearchViewController.xib */ = {isa = PBXFileReference; lastKnownFileType = file.xib; path = SearchViewController.xib; sourceTree = "<group>"; };
		39D05D922A727E0300468A9E /* RyMApp.app */ = {isa = PBXFileReference; explicitFileType = wrapper.application; includeInIndex = 0; path = RyMApp.app; sourceTree = BUILT_PRODUCTS_DIR; };
		39D05D952A727E0300468A9E /* AppDelegate.swift */ = {isa = PBXFileReference; lastKnownFileType = sourcecode.swift; path = AppDelegate.swift; sourceTree = "<group>"; };
		39D05D9C2A727E0300468A9E /* Base */ = {isa = PBXFileReference; lastKnownFileType = file.storyboard; name = Base; path = Base.lproj/Main.storyboard; sourceTree = "<group>"; };
		39D05D9E2A727E0400468A9E /* Assets.xcassets */ = {isa = PBXFileReference; lastKnownFileType = folder.assetcatalog; path = Assets.xcassets; sourceTree = "<group>"; };
		39D05DA12A727E0400468A9E /* Base */ = {isa = PBXFileReference; lastKnownFileType = file.storyboard; name = Base; path = Base.lproj/LaunchScreen.storyboard; sourceTree = "<group>"; };
		39D05DA32A727E0400468A9E /* Info.plist */ = {isa = PBXFileReference; lastKnownFileType = text.plist.xml; path = Info.plist; sourceTree = "<group>"; };
		39D05DA82A727E0400468A9E /* RyMAppTests.xctest */ = {isa = PBXFileReference; explicitFileType = wrapper.cfbundle; includeInIndex = 0; path = RyMAppTests.xctest; sourceTree = BUILT_PRODUCTS_DIR; };
		39D05DAC2A727E0400468A9E /* RyMAppTests.swift */ = {isa = PBXFileReference; lastKnownFileType = sourcecode.swift; path = RyMAppTests.swift; sourceTree = "<group>"; };
		39D05DB22A727E0400468A9E /* RyMAppUITests.xctest */ = {isa = PBXFileReference; explicitFileType = wrapper.cfbundle; includeInIndex = 0; path = RyMAppUITests.xctest; sourceTree = BUILT_PRODUCTS_DIR; };
		39D05DB62A727E0400468A9E /* RyMAppUITests.swift */ = {isa = PBXFileReference; lastKnownFileType = sourcecode.swift; path = RyMAppUITests.swift; sourceTree = "<group>"; };
		39D05DB82A727E0400468A9E /* RyMAppUITestsLaunchTests.swift */ = {isa = PBXFileReference; lastKnownFileType = sourcecode.swift; path = RyMAppUITestsLaunchTests.swift; sourceTree = "<group>"; };
		39D05DC52A727E4600468A9E /* HomeViewController.swift */ = {isa = PBXFileReference; lastKnownFileType = sourcecode.swift; path = HomeViewController.swift; sourceTree = "<group>"; };
		39D05DC62A727E4600468A9E /* HomeViewController.xib */ = {isa = PBXFileReference; lastKnownFileType = file.xib; path = HomeViewController.xib; sourceTree = "<group>"; };
		39D05DC92A727F9D00468A9E /* Character.swift */ = {isa = PBXFileReference; lastKnownFileType = sourcecode.swift; path = Character.swift; sourceTree = "<group>"; };
		39D05DCB2A72801A00468A9E /* Network.swift */ = {isa = PBXFileReference; lastKnownFileType = sourcecode.swift; path = Network.swift; sourceTree = "<group>"; };
		39D05DD02A72847E00468A9E /* DetailViewController.swift */ = {isa = PBXFileReference; lastKnownFileType = sourcecode.swift; path = DetailViewController.swift; sourceTree = "<group>"; };
		39D05DD12A72847E00468A9E /* DetailViewController.xib */ = {isa = PBXFileReference; lastKnownFileType = file.xib; path = DetailViewController.xib; sourceTree = "<group>"; };
		39DA130E2A83AB4C009073E0 /* TableViewCell.swift */ = {isa = PBXFileReference; lastKnownFileType = sourcecode.swift; path = TableViewCell.swift; sourceTree = "<group>"; };
		39DA130F2A83AB4C009073E0 /* TableViewCell.xib */ = {isa = PBXFileReference; lastKnownFileType = file.xib; path = TableViewCell.xib; sourceTree = "<group>"; };
		39DA13122A83E45D009073E0 /* Location.swift */ = {isa = PBXFileReference; lastKnownFileType = sourcecode.swift; path = Location.swift; sourceTree = "<group>"; };
		39DA13142A83EB34009073E0 /* Episode.swift */ = {isa = PBXFileReference; lastKnownFileType = sourcecode.swift; path = Episode.swift; sourceTree = "<group>"; };
/* End PBXFileReference section */

/* Begin PBXFrameworksBuildPhase section */
		39D05D8F2A727E0300468A9E /* Frameworks */ = {
			isa = PBXFrameworksBuildPhase;
			buildActionMask = 2147483647;
			files = (
				39AE69BC2A73D7E700E3D09A /* Kingfisher in Frameworks */,
				39D05DCF2A72819E00468A9E /* Alamofire in Frameworks */,
			);
			runOnlyForDeploymentPostprocessing = 0;
		};
		39D05DA52A727E0400468A9E /* Frameworks */ = {
			isa = PBXFrameworksBuildPhase;
			buildActionMask = 2147483647;
			files = (
			);
			runOnlyForDeploymentPostprocessing = 0;
		};
		39D05DAF2A727E0400468A9E /* Frameworks */ = {
			isa = PBXFrameworksBuildPhase;
			buildActionMask = 2147483647;
			files = (
			);
			runOnlyForDeploymentPostprocessing = 0;
		};
/* End PBXFrameworksBuildPhase section */

/* Begin PBXGroup section */
		391802AB2A76B013006BE05A /* Fonts */ = {
			isa = PBXGroup;
			children = (
				391802A92A76B00E006BE05A /* get_schwifty.ttf */,
			);
			path = Fonts;
			sourceTree = "<group>";
		};
		39AE69BD2A73E46C00E3D09A /* Views */ = {
			isa = PBXGroup;
			children = (
				39D05D9B2A727E0300468A9E /* Main.storyboard */,
				39D05DA02A727E0400468A9E /* LaunchScreen.storyboard */,
				39D05DC62A727E4600468A9E /* HomeViewController.xib */,
				39D05DD12A72847E00468A9E /* DetailViewController.xib */,
				39AE69C22A73E53C00E3D09A /* CharactersViewController.xib */,
				39C7F2AE2A8249FA00376FBC /* SearchViewController.xib */,
			);
			path = Views;
			sourceTree = "<group>";
		};
		39AE69BE2A73E48800E3D09A /* Controllers */ = {
			isa = PBXGroup;
			children = (
				39D05DC52A727E4600468A9E /* HomeViewController.swift */,
				39AE69C12A73E53C00E3D09A /* CharactersViewController.swift */,
				39D05DD02A72847E00468A9E /* DetailViewController.swift */,
				39C7F2AD2A8249FA00376FBC /* SearchViewController.swift */,
			);
			path = Controllers;
			sourceTree = "<group>";
		};
		39AE69BF2A73E4A200E3D09A /* Models */ = {
			isa = PBXGroup;
			children = (
				39D05DC92A727F9D00468A9E /* Character.swift */,
				39AE69CA2A73EF9000E3D09A /* allCharacters.swift */,
				39DA13122A83E45D009073E0 /* Location.swift */,
				39DA13142A83EB34009073E0 /* Episode.swift */,
			);
			path = Models;
			sourceTree = "<group>";
		};
		39AE69C02A73E4BE00E3D09A /* Networking */ = {
			isa = PBXGroup;
			children = (
				39D05DCB2A72801A00468A9E /* Network.swift */,
			);
			path = Networking;
			sourceTree = "<group>";
		};
		39AE69C92A73E89A00E3D09A /* CustomsCells */ = {
			isa = PBXGroup;
			children = (
				39AE69C52A73E65A00E3D09A /* CharacterViewCell.swift */,
				39AE69C62A73E65A00E3D09A /* CharacterViewCell.xib */,
				39AD96212A7D2849001D60FA /* CharacterCell.swift */,
				39AD96222A7D2849001D60FA /* CharacterCell.xib */,
				39DA130E2A83AB4C009073E0 /* TableViewCell.swift */,
				39DA130F2A83AB4C009073E0 /* TableViewCell.xib */,
			);
			path = CustomsCells;
			sourceTree = "<group>";
		};
		39D05D892A727E0200468A9E = {
			isa = PBXGroup;
			children = (
				39D05D942A727E0300468A9E /* RyMApp */,
				39D05DAB2A727E0400468A9E /* RyMAppTests */,
				39D05DB52A727E0400468A9E /* RyMAppUITests */,
				39D05D932A727E0300468A9E /* Products */,
			);
			sourceTree = "<group>";
		};
		39D05D932A727E0300468A9E /* Products */ = {
			isa = PBXGroup;
			children = (
				39D05D922A727E0300468A9E /* RyMApp.app */,
				39D05DA82A727E0400468A9E /* RyMAppTests.xctest */,
				39D05DB22A727E0400468A9E /* RyMAppUITests.xctest */,
			);
			name = Products;
			sourceTree = "<group>";
		};
		39D05D942A727E0300468A9E /* RyMApp */ = {
			isa = PBXGroup;
			children = (
				391802AB2A76B013006BE05A /* Fonts */,
				39AE69C92A73E89A00E3D09A /* CustomsCells */,
				39AE69C02A73E4BE00E3D09A /* Networking */,
				39AE69BF2A73E4A200E3D09A /* Models */,
				39AE69BE2A73E48800E3D09A /* Controllers */,
				39AE69BD2A73E46C00E3D09A /* Views */,
				391DA3092A73B778006C9CCF /* DataDecoder.swift */,
				39D05D952A727E0300468A9E /* AppDelegate.swift */,
				39D05D9E2A727E0400468A9E /* Assets.xcassets */,
				39D05DA32A727E0400468A9E /* Info.plist */,
			);
			path = RyMApp;
			sourceTree = "<group>";
		};
		39D05DAB2A727E0400468A9E /* RyMAppTests */ = {
			isa = PBXGroup;
			children = (
				39D05DAC2A727E0400468A9E /* RyMAppTests.swift */,
			);
			path = RyMAppTests;
			sourceTree = "<group>";
		};
		39D05DB52A727E0400468A9E /* RyMAppUITests */ = {
			isa = PBXGroup;
			children = (
				39D05DB62A727E0400468A9E /* RyMAppUITests.swift */,
				39D05DB82A727E0400468A9E /* RyMAppUITestsLaunchTests.swift */,
			);
			path = RyMAppUITests;
			sourceTree = "<group>";
		};
/* End PBXGroup section */

/* Begin PBXNativeTarget section */
		39D05D912A727E0300468A9E /* RyMApp */ = {
			isa = PBXNativeTarget;
			buildConfigurationList = 39D05DBC2A727E0400468A9E /* Build configuration list for PBXNativeTarget "RyMApp" */;
			buildPhases = (
				39D05D8E2A727E0300468A9E /* Sources */,
				39D05D8F2A727E0300468A9E /* Frameworks */,
				39D05D902A727E0300468A9E /* Resources */,
			);
			buildRules = (
			);
			dependencies = (
			);
			name = RyMApp;
			packageProductDependencies = (
				39D05DCE2A72819E00468A9E /* Alamofire */,
				39AE69BB2A73D7E700E3D09A /* Kingfisher */,
			);
			productName = RyMApp;
			productReference = 39D05D922A727E0300468A9E /* RyMApp.app */;
			productType = "com.apple.product-type.application";
		};
		39D05DA72A727E0400468A9E /* RyMAppTests */ = {
			isa = PBXNativeTarget;
			buildConfigurationList = 39D05DBF2A727E0400468A9E /* Build configuration list for PBXNativeTarget "RyMAppTests" */;
			buildPhases = (
				39D05DA42A727E0400468A9E /* Sources */,
				39D05DA52A727E0400468A9E /* Frameworks */,
				39D05DA62A727E0400468A9E /* Resources */,
			);
			buildRules = (
			);
			dependencies = (
				39D05DAA2A727E0400468A9E /* PBXTargetDependency */,
			);
			name = RyMAppTests;
			productName = RyMAppTests;
			productReference = 39D05DA82A727E0400468A9E /* RyMAppTests.xctest */;
			productType = "com.apple.product-type.bundle.unit-test";
		};
		39D05DB12A727E0400468A9E /* RyMAppUITests */ = {
			isa = PBXNativeTarget;
			buildConfigurationList = 39D05DC22A727E0400468A9E /* Build configuration list for PBXNativeTarget "RyMAppUITests" */;
			buildPhases = (
				39D05DAE2A727E0400468A9E /* Sources */,
				39D05DAF2A727E0400468A9E /* Frameworks */,
				39D05DB02A727E0400468A9E /* Resources */,
			);
			buildRules = (
			);
			dependencies = (
				39D05DB42A727E0400468A9E /* PBXTargetDependency */,
			);
			name = RyMAppUITests;
			productName = RyMAppUITests;
			productReference = 39D05DB22A727E0400468A9E /* RyMAppUITests.xctest */;
			productType = "com.apple.product-type.bundle.ui-testing";
		};
/* End PBXNativeTarget section */

/* Begin PBXProject section */
		39D05D8A2A727E0200468A9E /* Project object */ = {
			isa = PBXProject;
			attributes = {
				BuildIndependentTargetsInParallel = 1;
				LastSwiftUpdateCheck = 1430;
				LastUpgradeCheck = 1430;
				TargetAttributes = {
					39D05D912A727E0300468A9E = {
						CreatedOnToolsVersion = 14.3.1;
					};
					39D05DA72A727E0400468A9E = {
						CreatedOnToolsVersion = 14.3.1;
						TestTargetID = 39D05D912A727E0300468A9E;
					};
					39D05DB12A727E0400468A9E = {
						CreatedOnToolsVersion = 14.3.1;
						TestTargetID = 39D05D912A727E0300468A9E;
					};
				};
			};
			buildConfigurationList = 39D05D8D2A727E0200468A9E /* Build configuration list for PBXProject "RyMApp" */;
			compatibilityVersion = "Xcode 14.0";
			developmentRegion = en;
			hasScannedForEncodings = 0;
			knownRegions = (
				en,
				Base,
			);
			mainGroup = 39D05D892A727E0200468A9E;
			packageReferences = (
				39D05DCD2A72819E00468A9E /* XCRemoteSwiftPackageReference "Alamofire" */,
				39AE69BA2A73D7E700E3D09A /* XCRemoteSwiftPackageReference "Kingfisher" */,
			);
			productRefGroup = 39D05D932A727E0300468A9E /* Products */;
			projectDirPath = "";
			projectRoot = "";
			targets = (
				39D05D912A727E0300468A9E /* RyMApp */,
				39D05DA72A727E0400468A9E /* RyMAppTests */,
				39D05DB12A727E0400468A9E /* RyMAppUITests */,
			);
		};
/* End PBXProject section */

/* Begin PBXResourcesBuildPhase section */
		39D05D902A727E0300468A9E /* Resources */ = {
			isa = PBXResourcesBuildPhase;
			buildActionMask = 2147483647;
			files = (
				39AE69C82A73E65A00E3D09A /* CharacterViewCell.xib in Resources */,
				39DA13112A83AB4C009073E0 /* TableViewCell.xib in Resources */,
				39AE69C42A73E53C00E3D09A /* CharactersViewController.xib in Resources */,
				39D05DA22A727E0400468A9E /* LaunchScreen.storyboard in Resources */,
				39D05D9F2A727E0400468A9E /* Assets.xcassets in Resources */,
				391802AA2A76B00E006BE05A /* get_schwifty.ttf in Resources */,
				39D05DD32A72847E00468A9E /* DetailViewController.xib in Resources */,
				39D05D9D2A727E0300468A9E /* Main.storyboard in Resources */,
				39AD96242A7D2849001D60FA /* CharacterCell.xib in Resources */,
				39C7F2B02A8249FA00376FBC /* SearchViewController.xib in Resources */,
				39D05DC82A727E4600468A9E /* HomeViewController.xib in Resources */,
			);
			runOnlyForDeploymentPostprocessing = 0;
		};
		39D05DA62A727E0400468A9E /* Resources */ = {
			isa = PBXResourcesBuildPhase;
			buildActionMask = 2147483647;
			files = (
			);
			runOnlyForDeploymentPostprocessing = 0;
		};
		39D05DB02A727E0400468A9E /* Resources */ = {
			isa = PBXResourcesBuildPhase;
			buildActionMask = 2147483647;
			files = (
			);
			runOnlyForDeploymentPostprocessing = 0;
		};
/* End PBXResourcesBuildPhase section */

/* Begin PBXSourcesBuildPhase section */
		39D05D8E2A727E0300468A9E /* Sources */ = {
			isa = PBXSourcesBuildPhase;
			buildActionMask = 2147483647;
			files = (
				39AE69C32A73E53C00E3D09A /* CharactersViewController.swift in Sources */,
				39C7F2AF2A8249FA00376FBC /* SearchViewController.swift in Sources */,
				391DA30A2A73B778006C9CCF /* DataDecoder.swift in Sources */,
				39AE69C72A73E65A00E3D09A /* CharacterViewCell.swift in Sources */,
				39D05DCA2A727F9D00468A9E /* Character.swift in Sources */,
				39D05D962A727E0300468A9E /* AppDelegate.swift in Sources */,
				39DA13132A83E45D009073E0 /* Location.swift in Sources */,
				39AD96232A7D2849001D60FA /* CharacterCell.swift in Sources */,
				39AE69CB2A73EF9000E3D09A /* allCharacters.swift in Sources */,
				39DA13152A83EB34009073E0 /* Episode.swift in Sources */,
				39D05DD22A72847E00468A9E /* DetailViewController.swift in Sources */,
				39DA13102A83AB4C009073E0 /* TableViewCell.swift in Sources */,
				39D05DCC2A72801A00468A9E /* Network.swift in Sources */,
				39D05DC72A727E4600468A9E /* HomeViewController.swift in Sources */,
			);
			runOnlyForDeploymentPostprocessing = 0;
		};
		39D05DA42A727E0400468A9E /* Sources */ = {
			isa = PBXSourcesBuildPhase;
			buildActionMask = 2147483647;
			files = (
				39D05DAD2A727E0400468A9E /* RyMAppTests.swift in Sources */,
			);
			runOnlyForDeploymentPostprocessing = 0;
		};
		39D05DAE2A727E0400468A9E /* Sources */ = {
			isa = PBXSourcesBuildPhase;
			buildActionMask = 2147483647;
			files = (
				39D05DB72A727E0400468A9E /* RyMAppUITests.swift in Sources */,
				39D05DB92A727E0400468A9E /* RyMAppUITestsLaunchTests.swift in Sources */,
			);
			runOnlyForDeploymentPostprocessing = 0;
		};
/* End PBXSourcesBuildPhase section */

/* Begin PBXTargetDependency section */
		39D05DAA2A727E0400468A9E /* PBXTargetDependency */ = {
			isa = PBXTargetDependency;
			target = 39D05D912A727E0300468A9E /* RyMApp */;
			targetProxy = 39D05DA92A727E0400468A9E /* PBXContainerItemProxy */;
		};
		39D05DB42A727E0400468A9E /* PBXTargetDependency */ = {
			isa = PBXTargetDependency;
			target = 39D05D912A727E0300468A9E /* RyMApp */;
			targetProxy = 39D05DB32A727E0400468A9E /* PBXContainerItemProxy */;
		};
/* End PBXTargetDependency section */

/* Begin PBXVariantGroup section */
		39D05D9B2A727E0300468A9E /* Main.storyboard */ = {
			isa = PBXVariantGroup;
			children = (
				39D05D9C2A727E0300468A9E /* Base */,
			);
			name = Main.storyboard;
			sourceTree = "<group>";
		};
		39D05DA02A727E0400468A9E /* LaunchScreen.storyboard */ = {
			isa = PBXVariantGroup;
			children = (
				39D05DA12A727E0400468A9E /* Base */,
			);
			name = LaunchScreen.storyboard;
			sourceTree = "<group>";
		};
/* End PBXVariantGroup section */

/* Begin XCBuildConfiguration section */
		39D05DBA2A727E0400468A9E /* Debug */ = {
			isa = XCBuildConfiguration;
			buildSettings = {
				ALWAYS_SEARCH_USER_PATHS = NO;
				CLANG_ANALYZER_NONNULL = YES;
				CLANG_ANALYZER_NUMBER_OBJECT_CONVERSION = YES_AGGRESSIVE;
				CLANG_CXX_LANGUAGE_STANDARD = "gnu++20";
				CLANG_ENABLE_MODULES = YES;
				CLANG_ENABLE_OBJC_ARC = YES;
				CLANG_ENABLE_OBJC_WEAK = YES;
				CLANG_WARN_BLOCK_CAPTURE_AUTORELEASING = YES;
				CLANG_WARN_BOOL_CONVERSION = YES;
				CLANG_WARN_COMMA = YES;
				CLANG_WARN_CONSTANT_CONVERSION = YES;
				CLANG_WARN_DEPRECATED_OBJC_IMPLEMENTATIONS = YES;
				CLANG_WARN_DIRECT_OBJC_ISA_USAGE = YES_ERROR;
				CLANG_WARN_DOCUMENTATION_COMMENTS = YES;
				CLANG_WARN_EMPTY_BODY = YES;
				CLANG_WARN_ENUM_CONVERSION = YES;
				CLANG_WARN_INFINITE_RECURSION = YES;
				CLANG_WARN_INT_CONVERSION = YES;
				CLANG_WARN_NON_LITERAL_NULL_CONVERSION = YES;
				CLANG_WARN_OBJC_IMPLICIT_RETAIN_SELF = YES;
				CLANG_WARN_OBJC_LITERAL_CONVERSION = YES;
				CLANG_WARN_OBJC_ROOT_CLASS = YES_ERROR;
				CLANG_WARN_QUOTED_INCLUDE_IN_FRAMEWORK_HEADER = YES;
				CLANG_WARN_RANGE_LOOP_ANALYSIS = YES;
				CLANG_WARN_STRICT_PROTOTYPES = YES;
				CLANG_WARN_SUSPICIOUS_MOVE = YES;
				CLANG_WARN_UNGUARDED_AVAILABILITY = YES_AGGRESSIVE;
				CLANG_WARN_UNREACHABLE_CODE = YES;
				CLANG_WARN__DUPLICATE_METHOD_MATCH = YES;
				COPY_PHASE_STRIP = NO;
				DEBUG_INFORMATION_FORMAT = dwarf;
				ENABLE_STRICT_OBJC_MSGSEND = YES;
				ENABLE_TESTABILITY = YES;
				GCC_C_LANGUAGE_STANDARD = gnu11;
				GCC_DYNAMIC_NO_PIC = NO;
				GCC_NO_COMMON_BLOCKS = YES;
				GCC_OPTIMIZATION_LEVEL = 0;
				GCC_PREPROCESSOR_DEFINITIONS = (
					"DEBUG=1",
					"$(inherited)",
				);
				GCC_WARN_64_TO_32_BIT_CONVERSION = YES;
				GCC_WARN_ABOUT_RETURN_TYPE = YES_ERROR;
				GCC_WARN_UNDECLARED_SELECTOR = YES;
				GCC_WARN_UNINITIALIZED_AUTOS = YES_AGGRESSIVE;
				GCC_WARN_UNUSED_FUNCTION = YES;
				GCC_WARN_UNUSED_VARIABLE = YES;
				IPHONEOS_DEPLOYMENT_TARGET = 16.4;
				MTL_ENABLE_DEBUG_INFO = INCLUDE_SOURCE;
				MTL_FAST_MATH = YES;
				ONLY_ACTIVE_ARCH = YES;
				SDKROOT = iphoneos;
				SWIFT_ACTIVE_COMPILATION_CONDITIONS = DEBUG;
				SWIFT_OPTIMIZATION_LEVEL = "-Onone";
			};
			name = Debug;
		};
		39D05DBB2A727E0400468A9E /* Release */ = {
			isa = XCBuildConfiguration;
			buildSettings = {
				ALWAYS_SEARCH_USER_PATHS = NO;
				CLANG_ANALYZER_NONNULL = YES;
				CLANG_ANALYZER_NUMBER_OBJECT_CONVERSION = YES_AGGRESSIVE;
				CLANG_CXX_LANGUAGE_STANDARD = "gnu++20";
				CLANG_ENABLE_MODULES = YES;
				CLANG_ENABLE_OBJC_ARC = YES;
				CLANG_ENABLE_OBJC_WEAK = YES;
				CLANG_WARN_BLOCK_CAPTURE_AUTORELEASING = YES;
				CLANG_WARN_BOOL_CONVERSION = YES;
				CLANG_WARN_COMMA = YES;
				CLANG_WARN_CONSTANT_CONVERSION = YES;
				CLANG_WARN_DEPRECATED_OBJC_IMPLEMENTATIONS = YES;
				CLANG_WARN_DIRECT_OBJC_ISA_USAGE = YES_ERROR;
				CLANG_WARN_DOCUMENTATION_COMMENTS = YES;
				CLANG_WARN_EMPTY_BODY = YES;
				CLANG_WARN_ENUM_CONVERSION = YES;
				CLANG_WARN_INFINITE_RECURSION = YES;
				CLANG_WARN_INT_CONVERSION = YES;
				CLANG_WARN_NON_LITERAL_NULL_CONVERSION = YES;
				CLANG_WARN_OBJC_IMPLICIT_RETAIN_SELF = YES;
				CLANG_WARN_OBJC_LITERAL_CONVERSION = YES;
				CLANG_WARN_OBJC_ROOT_CLASS = YES_ERROR;
				CLANG_WARN_QUOTED_INCLUDE_IN_FRAMEWORK_HEADER = YES;
				CLANG_WARN_RANGE_LOOP_ANALYSIS = YES;
				CLANG_WARN_STRICT_PROTOTYPES = YES;
				CLANG_WARN_SUSPICIOUS_MOVE = YES;
				CLANG_WARN_UNGUARDED_AVAILABILITY = YES_AGGRESSIVE;
				CLANG_WARN_UNREACHABLE_CODE = YES;
				CLANG_WARN__DUPLICATE_METHOD_MATCH = YES;
				COPY_PHASE_STRIP = NO;
				DEBUG_INFORMATION_FORMAT = "dwarf-with-dsym";
				ENABLE_NS_ASSERTIONS = NO;
				ENABLE_STRICT_OBJC_MSGSEND = YES;
				GCC_C_LANGUAGE_STANDARD = gnu11;
				GCC_NO_COMMON_BLOCKS = YES;
				GCC_WARN_64_TO_32_BIT_CONVERSION = YES;
				GCC_WARN_ABOUT_RETURN_TYPE = YES_ERROR;
				GCC_WARN_UNDECLARED_SELECTOR = YES;
				GCC_WARN_UNINITIALIZED_AUTOS = YES_AGGRESSIVE;
				GCC_WARN_UNUSED_FUNCTION = YES;
				GCC_WARN_UNUSED_VARIABLE = YES;
				IPHONEOS_DEPLOYMENT_TARGET = 16.4;
				MTL_ENABLE_DEBUG_INFO = NO;
				MTL_FAST_MATH = YES;
				SDKROOT = iphoneos;
				SWIFT_COMPILATION_MODE = wholemodule;
				SWIFT_OPTIMIZATION_LEVEL = "-O";
				VALIDATE_PRODUCT = YES;
			};
			name = Release;
		};
		39D05DBD2A727E0400468A9E /* Debug */ = {
			isa = XCBuildConfiguration;
			buildSettings = {
				ASSETCATALOG_COMPILER_APPICON_NAME = AppIcon;
				ASSETCATALOG_COMPILER_GLOBAL_ACCENT_COLOR_NAME = AccentColor;
				CODE_SIGN_STYLE = Automatic;
				CURRENT_PROJECT_VERSION = 1;
				GENERATE_INFOPLIST_FILE = YES;
				INFOPLIST_FILE = RyMApp/Info.plist;
				INFOPLIST_KEY_UIApplicationSupportsIndirectInputEvents = YES;
				INFOPLIST_KEY_UILaunchStoryboardName = LaunchScreen;
				INFOPLIST_KEY_UIMainStoryboardFile = Main;
				INFOPLIST_KEY_UISupportedInterfaceOrientations_iPad = "UIInterfaceOrientationPortrait UIInterfaceOrientationPortraitUpsideDown UIInterfaceOrientationLandscapeLeft UIInterfaceOrientationLandscapeRight";
				INFOPLIST_KEY_UISupportedInterfaceOrientations_iPhone = "UIInterfaceOrientationPortrait UIInterfaceOrientationLandscapeLeft UIInterfaceOrientationLandscapeRight";
				LD_RUNPATH_SEARCH_PATHS = (
					"$(inherited)",
					"@executable_path/Frameworks",
				);
				MARKETING_VERSION = 1.0;
				PRODUCT_BUNDLE_IDENTIFIER = pabloMarke.RyMApp;
				PRODUCT_NAME = "$(TARGET_NAME)";
				SWIFT_EMIT_LOC_STRINGS = YES;
				SWIFT_VERSION = 5.0;
				TARGETED_DEVICE_FAMILY = "1,2";
			};
			name = Debug;
		};
		39D05DBE2A727E0400468A9E /* Release */ = {
			isa = XCBuildConfiguration;
			buildSettings = {
				ASSETCATALOG_COMPILER_APPICON_NAME = AppIcon;
				ASSETCATALOG_COMPILER_GLOBAL_ACCENT_COLOR_NAME = AccentColor;
				CODE_SIGN_STYLE = Automatic;
				CURRENT_PROJECT_VERSION = 1;
				GENERATE_INFOPLIST_FILE = YES;
				INFOPLIST_FILE = RyMApp/Info.plist;
				INFOPLIST_KEY_UIApplicationSupportsIndirectInputEvents = YES;
				INFOPLIST_KEY_UILaunchStoryboardName = LaunchScreen;
				INFOPLIST_KEY_UIMainStoryboardFile = Main;
				INFOPLIST_KEY_UISupportedInterfaceOrientations_iPad = "UIInterfaceOrientationPortrait UIInterfaceOrientationPortraitUpsideDown UIInterfaceOrientationLandscapeLeft UIInterfaceOrientationLandscapeRight";
				INFOPLIST_KEY_UISupportedInterfaceOrientations_iPhone = "UIInterfaceOrientationPortrait UIInterfaceOrientationLandscapeLeft UIInterfaceOrientationLandscapeRight";
				LD_RUNPATH_SEARCH_PATHS = (
					"$(inherited)",
					"@executable_path/Frameworks",
				);
				MARKETING_VERSION = 1.0;
				PRODUCT_BUNDLE_IDENTIFIER = pabloMarke.RyMApp;
				PRODUCT_NAME = "$(TARGET_NAME)";
				SWIFT_EMIT_LOC_STRINGS = YES;
				SWIFT_VERSION = 5.0;
				TARGETED_DEVICE_FAMILY = "1,2";
			};
			name = Release;
		};
		39D05DC02A727E0400468A9E /* Debug */ = {
			isa = XCBuildConfiguration;
			buildSettings = {
				ALWAYS_EMBED_SWIFT_STANDARD_LIBRARIES = YES;
				BUNDLE_LOADER = "$(TEST_HOST)";
				CODE_SIGN_STYLE = Automatic;
				CURRENT_PROJECT_VERSION = 1;
				GENERATE_INFOPLIST_FILE = YES;
				IPHONEOS_DEPLOYMENT_TARGET = 16.4;
				MARKETING_VERSION = 1.0;
				PRODUCT_BUNDLE_IDENTIFIER = pabloMarke.RyMAppTests;
				PRODUCT_NAME = "$(TARGET_NAME)";
				SWIFT_EMIT_LOC_STRINGS = NO;
				SWIFT_VERSION = 5.0;
				TARGETED_DEVICE_FAMILY = "1,2";
				TEST_HOST = "$(BUILT_PRODUCTS_DIR)/RyMApp.app/$(BUNDLE_EXECUTABLE_FOLDER_PATH)/RyMApp";
			};
			name = Debug;
		};
		39D05DC12A727E0400468A9E /* Release */ = {
			isa = XCBuildConfiguration;
			buildSettings = {
				ALWAYS_EMBED_SWIFT_STANDARD_LIBRARIES = YES;
				BUNDLE_LOADER = "$(TEST_HOST)";
				CODE_SIGN_STYLE = Automatic;
				CURRENT_PROJECT_VERSION = 1;
				GENERATE_INFOPLIST_FILE = YES;
				IPHONEOS_DEPLOYMENT_TARGET = 16.4;
				MARKETING_VERSION = 1.0;
				PRODUCT_BUNDLE_IDENTIFIER = pabloMarke.RyMAppTests;
				PRODUCT_NAME = "$(TARGET_NAME)";
				SWIFT_EMIT_LOC_STRINGS = NO;
				SWIFT_VERSION = 5.0;
				TARGETED_DEVICE_FAMILY = "1,2";
				TEST_HOST = "$(BUILT_PRODUCTS_DIR)/RyMApp.app/$(BUNDLE_EXECUTABLE_FOLDER_PATH)/RyMApp";
			};
			name = Release;
		};
		39D05DC32A727E0400468A9E /* Debug */ = {
			isa = XCBuildConfiguration;
			buildSettings = {
				ALWAYS_EMBED_SWIFT_STANDARD_LIBRARIES = YES;
				CODE_SIGN_STYLE = Automatic;
				CURRENT_PROJECT_VERSION = 1;
				GENERATE_INFOPLIST_FILE = YES;
				MARKETING_VERSION = 1.0;
				PRODUCT_BUNDLE_IDENTIFIER = pabloMarke.RyMAppUITests;
				PRODUCT_NAME = "$(TARGET_NAME)";
				SWIFT_EMIT_LOC_STRINGS = NO;
				SWIFT_VERSION = 5.0;
				TARGETED_DEVICE_FAMILY = "1,2";
				TEST_TARGET_NAME = RyMApp;
			};
			name = Debug;
		};
		39D05DC42A727E0400468A9E /* Release */ = {
			isa = XCBuildConfiguration;
			buildSettings = {
				ALWAYS_EMBED_SWIFT_STANDARD_LIBRARIES = YES;
				CODE_SIGN_STYLE = Automatic;
				CURRENT_PROJECT_VERSION = 1;
				GENERATE_INFOPLIST_FILE = YES;
				MARKETING_VERSION = 1.0;
				PRODUCT_BUNDLE_IDENTIFIER = pabloMarke.RyMAppUITests;
				PRODUCT_NAME = "$(TARGET_NAME)";
				SWIFT_EMIT_LOC_STRINGS = NO;
				SWIFT_VERSION = 5.0;
				TARGETED_DEVICE_FAMILY = "1,2";
				TEST_TARGET_NAME = RyMApp;
			};
			name = Release;
		};
/* End XCBuildConfiguration section */

/* Begin XCConfigurationList section */
		39D05D8D2A727E0200468A9E /* Build configuration list for PBXProject "RyMApp" */ = {
			isa = XCConfigurationList;
			buildConfigurations = (
				39D05DBA2A727E0400468A9E /* Debug */,
				39D05DBB2A727E0400468A9E /* Release */,
			);
			defaultConfigurationIsVisible = 0;
			defaultConfigurationName = Release;
		};
		39D05DBC2A727E0400468A9E /* Build configuration list for PBXNativeTarget "RyMApp" */ = {
			isa = XCConfigurationList;
			buildConfigurations = (
				39D05DBD2A727E0400468A9E /* Debug */,
				39D05DBE2A727E0400468A9E /* Release */,
			);
			defaultConfigurationIsVisible = 0;
			defaultConfigurationName = Release;
		};
		39D05DBF2A727E0400468A9E /* Build configuration list for PBXNativeTarget "RyMAppTests" */ = {
			isa = XCConfigurationList;
			buildConfigurations = (
				39D05DC02A727E0400468A9E /* Debug */,
				39D05DC12A727E0400468A9E /* Release */,
			);
			defaultConfigurationIsVisible = 0;
			defaultConfigurationName = Release;
		};
		39D05DC22A727E0400468A9E /* Build configuration list for PBXNativeTarget "RyMAppUITests" */ = {
			isa = XCConfigurationList;
			buildConfigurations = (
				39D05DC32A727E0400468A9E /* Debug */,
				39D05DC42A727E0400468A9E /* Release */,
			);
			defaultConfigurationIsVisible = 0;
			defaultConfigurationName = Release;
		};
/* End XCConfigurationList section */

/* Begin XCRemoteSwiftPackageReference section */
		39AE69BA2A73D7E700E3D09A /* XCRemoteSwiftPackageReference "Kingfisher" */ = {
			isa = XCRemoteSwiftPackageReference;
			repositoryURL = "https://github.com/onevcat/Kingfisher.git";
			requirement = {
				kind = upToNextMajorVersion;
				minimumVersion = 7.0.0;
			};
		};
		39D05DCD2A72819E00468A9E /* XCRemoteSwiftPackageReference "Alamofire" */ = {
			isa = XCRemoteSwiftPackageReference;
			repositoryURL = "https://github.com/Alamofire/Alamofire.git";
			requirement = {
				kind = upToNextMajorVersion;
				minimumVersion = 5.0.0;
			};
		};
/* End XCRemoteSwiftPackageReference section */

/* Begin XCSwiftPackageProductDependency section */
		39AE69BB2A73D7E700E3D09A /* Kingfisher */ = {
			isa = XCSwiftPackageProductDependency;
			package = 39AE69BA2A73D7E700E3D09A /* XCRemoteSwiftPackageReference "Kingfisher" */;
			productName = Kingfisher;
		};
		39D05DCE2A72819E00468A9E /* Alamofire */ = {
			isa = XCSwiftPackageProductDependency;
			package = 39D05DCD2A72819E00468A9E /* XCRemoteSwiftPackageReference "Alamofire" */;
			productName = Alamofire;
		};
/* End XCSwiftPackageProductDependency section */
	};
	rootObject = 39D05D8A2A727E0200468A9E /* Project object */;
}
